
Microsoft Visual Studio Solution File, Format Version 12.00
# Visual Studio Version 16
VisualStudioVersion = 16.0.29926.136
MinimumVisualStudioVersion = 10.0.40219.1
Project("{8BC9CEB8-8B4A-11D0-8D11-00A0C91BC942}") = "Ejercicio7.27", "Ejercicio7.27\Ejercicio7.27.vcxproj", "{30CA2A90-F858-4F62-97FB-12995AD856EC}"
EndProject
Global
	GlobalSection(SolutionConfigurationPlatforms) = preSolution
		Debug|x64 = Debug|x64
		Debug|x86 = Debug|x86
		Release|x64 = Release|x64
		Release|x86 = Release|x86
	EndGlobalSection
	GlobalSection(ProjectConfigurationPlatforms) = postSolution
		{30CA2A90-F858-4F62-97FB-12995AD856EC}.Debug|x64.ActiveCfg = Debug|x64
		{30CA2A90-F858-4F62-97FB-12995AD856EC}.Debug|x64.Build.0 = Debug|x64
		{30CA2A90-F858-4F62-97FB-12995AD856EC}.Debug|x86.ActiveCfg = Debug|Win32
		{30CA2A90-F858-4F62-97FB-12995AD856EC}.Debug|x86.Build.0 = Debug|Win32
		{30CA2A90-F858-4F62-97FB-12995AD856EC}.Release|x64.ActiveCfg = Release|x64
		{30CA2A90-F858-4F62-97FB-12995AD856EC}.Release|x64.Build.0 = Release|x64
		{30CA2A90-F858-4F62-97FB-12995AD856EC}.Release|x86.ActiveCfg = Release|Win32
		{30CA2A90-F858-4F62-97FB-12995AD856EC}.Release|x86.Build.0 = Release|Win32
	EndGlobalSection
	GlobalSection(SolutionProperties) = preSolution
		HideSolutionNode = FALSE
	EndGlobalSection
	GlobalSection(ExtensibilityGlobals) = postSolution
		SolutionGuid = {4A98DDCC-31DA-4CE4-970B-4FE8374DFEBE}
	EndGlobalSection
EndGlobal
